
Microsoft Visual Studio Solution File, Format Version 12.00
Project("{FAE04EC0-301F-11D3-BF4B-00C04F79EFBC}") = "gyakorlas1", "gyakorlas1\gyakorlas1.csproj", "{F70617D8-43B1-45B5-A7E7-D3B27FF77019}"
EndProject
Global
	GlobalSection(SolutionConfigurationPlatforms) = preSolution
		Debug|Any CPU = Debug|Any CPU
		Release|Any CPU = Release|Any CPU
	EndGlobalSection
	GlobalSection(ProjectConfigurationPlatforms) = postSolution
		{F70617D8-43B1-45B5-A7E7-D3B27FF77019}.Debug|Any CPU.ActiveCfg = Debug|Any CPU
		{F70617D8-43B1-45B5-A7E7-D3B27FF77019}.Debug|Any CPU.Build.0 = Debug|Any CPU
		{F70617D8-43B1-45B5-A7E7-D3B27FF77019}.Release|Any CPU.ActiveCfg = Release|Any CPU
		{F70617D8-43B1-45B5-A7E7-D3B27FF77019}.Release|Any CPU.Build.0 = Release|Any CPU
	EndGlobalSection
EndGlobal
